
Microsoft Visual Studio Solution File, Format Version 11.00
# Visual Studio 2010
Project("{8BC9CEB8-8B4A-11D0-8D11-00A0C91BC942}") = "Router", "Router\Router.vcxproj", "{AE2B3CAF-E1B2-4156-B707-389CD51AC64C}"
EndProject
Global
	GlobalSection(SolutionConfigurationPlatforms) = preSolution
		Debug|Win32 = Debug|Win32
		Release|Win32 = Release|Win32
	EndGlobalSection
	GlobalSection(ProjectConfigurationPlatforms) = postSolution
		{AE2B3CAF-E1B2-4156-B707-389CD51AC64C}.Debug|Win32.ActiveCfg = Debug|Win32
		{AE2B3CAF-E1B2-4156-B707-389CD51AC64C}.Debug|Win32.Build.0 = Debug|Win32
		{AE2B3CAF-E1B2-4156-B707-389CD51AC64C}.Release|Win32.ActiveCfg = Release|Win32
		{AE2B3CAF-E1B2-4156-B707-389CD51AC64C}.Release|Win32.Build.0 = Release|Win32
	EndGlobalSection
	GlobalSection(SolutionProperties) = preSolution
		HideSolutionNode = FALSE
	EndGlobalSection
EndGlobal
